// !$*UTF8*$!
{
	archiveVersion = 1;
	classes = {
	};
	objectVersion = 77;
	objects = {

/* Begin PBXContainerItemProxy section */
		368F20F42D8F77CA00B19C1A /* PBXContainerItemProxy */ = {
			isa = PBXContainerItemProxy;
			containerPortal = 368F20DB2D8F77C900B19C1A /* Project object */;
			proxyType = 1;
			remoteGlobalIDString = 368F20E22D8F77C900B19C1A;
			remoteInfo = GlobalKick;
		};
		368F20FE2D8F77CA00B19C1A /* PBXContainerItemProxy */ = {
			isa = PBXContainerItemProxy;
			containerPortal = 368F20DB2D8F77C900B19C1A /* Project object */;
			proxyType = 1;
			remoteGlobalIDString = 368F20E22D8F77C900B19C1A;
			remoteInfo = GlobalKick;
		};
/* End PBXContainerItemProxy section */

/* Begin PBXFileReference section */
		368F20E32D8F77C900B19C1A /* GlobalKick.app */ = {isa = PBXFileReference; explicitFileType = wrapper.application; includeInIndex = 0; path = GlobalKick.app; sourceTree = BUILT_PRODUCTS_DIR; };
		368F20F32D8F77CA00B19C1A /* GlobalKickTests.xctest */ = {isa = PBXFileReference; explicitFileType = wrapper.cfbundle; includeInIndex = 0; path = GlobalKickTests.xctest; sourceTree = BUILT_PRODUCTS_DIR; };
		368F20FD2D8F77CA00B19C1A /* GlobalKickUITests.xctest */ = {isa = PBXFileReference; explicitFileType = wrapper.cfbundle; includeInIndex = 0; path = GlobalKickUITests.xctest; sourceTree = BUILT_PRODUCTS_DIR; };
/* End PBXFileReference section */

/* Begin PBXFileSystemSynchronizedRootGroup section */
		368F20E52D8F77C900B19C1A /* GlobalKick */ = {
			isa = PBXFileSystemSynchronizedRootGroup;
			path = GlobalKick;
			sourceTree = "<group>";
		};
		368F20F62D8F77CA00B19C1A /* GlobalKickTests */ = {
			isa = PBXFileSystemSynchronizedRootGroup;
			path = GlobalKickTests;
			sourceTree = "<group>";
		};
		368F21002D8F77CA00B19C1A /* GlobalKickUITests */ = {
			isa = PBXFileSystemSynchronizedRootGroup;
			path = GlobalKickUITests;
			sourceTree = "<group>";
		};
/* End PBXFileSystemSynchronizedRootGroup section */

/* Begin PBXFrameworksBuildPhase section */
		368F20E02D8F77C900B19C1A /* Frameworks */ = {
			isa = PBXFrameworksBuildPhase;
			buildActionMask = 2147483647;
			files = (
			);
			runOnlyForDeploymentPostprocessing = 0;
		};
		368F20F02D8F77CA00B19C1A /* Frameworks */ = {
			isa = PBXFrameworksBuildPhase;
			buildActionMask = 2147483647;
			files = (
			);
			runOnlyForDeploymentPostprocessing = 0;
		};
		368F20FA2D8F77CA00B19C1A /* Frameworks */ = {
			isa = PBXFrameworksBuildPhase;
			buildActionMask = 2147483647;
			files = (
			);
			runOnlyForDeploymentPostprocessing = 0;
		};
/* End PBXFrameworksBuildPhase section */

/* Begin PBXGroup section */
		368F20DA2D8F77C900B19C1A = {
			isa = PBXGroup;
			children = (
				368F20E52D8F77C900B19C1A /* GlobalKick */,
				368F20F62D8F77CA00B19C1A /* GlobalKickTests */,
				368F21002D8F77CA00B19C1A /* GlobalKickUITests */,
				368F20E42D8F77C900B19C1A /* Products */,
			);
			sourceTree = "<group>";
		};
		368F20E42D8F77C900B19C1A /* Products */ = {
			isa = PBXGroup;
			children = (
				368F20E32D8F77C900B19C1A /* GlobalKick.app */,
				368F20F32D8F77CA00B19C1A /* GlobalKickTests.xctest */,
				368F20FD2D8F77CA00B19C1A /* GlobalKickUITests.xctest */,
			);
			name = Products;
			sourceTree = "<group>";
		};
/* End PBXGroup section */

/* Begin PBXNativeTarget section */
		368F20E22D8F77C900B19C1A /* GlobalKick */ = {
			isa = PBXNativeTarget;
			buildConfigurationList = 368F21072D8F77CA00B19C1A /* Build configuration list for PBXNativeTarget "GlobalKick" */;
			buildPhases = (
				368F20DF2D8F77C900B19C1A /* Sources */,
				368F20E02D8F77C900B19C1A /* Frameworks */,
				368F20E12D8F77C900B19C1A /* Resources */,
			);
			buildRules = (
			);
			dependencies = (
			);
			fileSystemSynchronizedGroups = (
				368F20E52D8F77C900B19C1A /* GlobalKick */,
			);
			name = GlobalKick;
			packageProductDependencies = (
			);
			productName = GlobalKick;
			productReference = 368F20E32D8F77C900B19C1A /* GlobalKick.app */;
			productType = "com.apple.product-type.application";
		};
		368F20F22D8F77CA00B19C1A /* GlobalKickTests */ = {
			isa = PBXNativeTarget;
			buildConfigurationList = 368F210A2D8F77CA00B19C1A /* Build configuration list for PBXNativeTarget "GlobalKickTests" */;
			buildPhases = (
				368F20EF2D8F77CA00B19C1A /* Sources */,
				368F20F02D8F77CA00B19C1A /* Frameworks */,
				368F20F12D8F77CA00B19C1A /* Resources */,
			);
			buildRules = (
			);
			dependencies = (
				368F20F52D8F77CA00B19C1A /* PBXTargetDependency */,
			);
			fileSystemSynchronizedGroups = (
				368F20F62D8F77CA00B19C1A /* GlobalKickTests */,
			);
			name = GlobalKickTests;
			packageProductDependencies = (
			);
			productName = GlobalKickTests;
			productReference = 368F20F32D8F77CA00B19C1A /* GlobalKickTests.xctest */;
			productType = "com.apple.product-type.bundle.unit-test";
		};
		368F20FC2D8F77CA00B19C1A /* GlobalKickUITests */ = {
			isa = PBXNativeTarget;
			buildConfigurationList = 368F210D2D8F77CA00B19C1A /* Build configuration list for PBXNativeTarget "GlobalKickUITests" */;
			buildPhases = (
				368F20F92D8F77CA00B19C1A /* Sources */,
				368F20FA2D8F77CA00B19C1A /* Frameworks */,
				368F20FB2D8F77CA00B19C1A /* Resources */,
			);
			buildRules = (
			);
			dependencies = (
				368F20FF2D8F77CA00B19C1A /* PBXTargetDependency */,
			);
			fileSystemSynchronizedGroups = (
				368F21002D8F77CA00B19C1A /* GlobalKickUITests */,
			);
			name = GlobalKickUITests;
			packageProductDependencies = (
			);
			productName = GlobalKickUITests;
			productReference = 368F20FD2D8F77CA00B19C1A /* GlobalKickUITests.xctest */;
			productType = "com.apple.product-type.bundle.ui-testing";
		};
/* End PBXNativeTarget section */

/* Begin PBXProject section */
		368F20DB2D8F77C900B19C1A /* Project object */ = {
			isa = PBXProject;
			attributes = {
				BuildIndependentTargetsInParallel = 1;
				LastSwiftUpdateCheck = 1620;
				LastUpgradeCheck = 1620;
				TargetAttributes = {
					368F20E22D8F77C900B19C1A = {
						CreatedOnToolsVersion = 16.2;
					};
					368F20F22D8F77CA00B19C1A = {
						CreatedOnToolsVersion = 16.2;
						TestTargetID = 368F20E22D8F77C900B19C1A;
					};
					368F20FC2D8F77CA00B19C1A = {
						CreatedOnToolsVersion = 16.2;
						TestTargetID = 368F20E22D8F77C900B19C1A;
					};
				};
			};
			buildConfigurationList = 368F20DE2D8F77C900B19C1A /* Build configuration list for PBXProject "GlobalKick" */;
			developmentRegion = en;
			hasScannedForEncodings = 0;
			knownRegions = (
				en,
				Base,
			);
			mainGroup = 368F20DA2D8F77C900B19C1A;
			minimizedProjectReferenceProxies = 1;
			preferredProjectObjectVersion = 77;
			productRefGroup = 368F20E42D8F77C900B19C1A /* Products */;
			projectDirPath = "";
			projectRoot = "";
			targets = (
				368F20E22D8F77C900B19C1A /* GlobalKick */,
				368F20F22D8F77CA00B19C1A /* GlobalKickTests */,
				368F20FC2D8F77CA00B19C1A /* GlobalKickUITests */,
			);
		};
/* End PBXProject section */

/* Begin PBXResourcesBuildPhase section */
		368F20E12D8F77C900B19C1A /* Resources */ = {
			isa = PBXResourcesBuildPhase;
			buildActionMask = 2147483647;
			files = (
			);
			runOnlyForDeploymentPostprocessing = 0;
		};
		368F20F12D8F77CA00B19C1A /* Resources */ = {
			isa = PBXResourcesBuildPhase;
			buildActionMask = 2147483647;
			files = (
			);
			runOnlyForDeploymentPostprocessing = 0;
		};
		368F20FB2D8F77CA00B19C1A /* Resources */ = {
			isa = PBXResourcesBuildPhase;
			buildActionMask = 2147483647;
			files = (
			);
			runOnlyForDeploymentPostprocessing = 0;
		};
/* End PBXResourcesBuildPhase section */

/* Begin PBXSourcesBuildPhase section */
		368F20DF2D8F77C900B19C1A /* Sources */ = {
			isa = PBXSourcesBuildPhase;
			buildActionMask = 2147483647;
			files = (
			);
			runOnlyForDeploymentPostprocessing = 0;
		};
		368F20EF2D8F77CA00B19C1A /* Sources */ = {
			isa = PBXSourcesBuildPhase;
			buildActionMask = 2147483647;
			files = (
			);
			runOnlyForDeploymentPostprocessing = 0;
		};
		368F20F92D8F77CA00B19C1A /* Sources */ = {
			isa = PBXSourcesBuildPhase;
			buildActionMask = 2147483647;
			files = (
			);
			runOnlyForDeploymentPostprocessing = 0;
		};
/* End PBXSourcesBuildPhase section */

/* Begin PBXTargetDependency section */
		368F20F52D8F77CA00B19C1A /* PBXTargetDependency */ = {
			isa = PBXTargetDependency;
			target = 368F20E22D8F77C900B19C1A /* GlobalKick */;
			targetProxy = 368F20F42D8F77CA00B19C1A /* PBXContainerItemProxy */;
		};
		368F20FF2D8F77CA00B19C1A /* PBXTargetDependency */ = {
			isa = PBXTargetDependency;
			target = 368F20E22D8F77C900B19C1A /* GlobalKick */;
			targetProxy = 368F20FE2D8F77CA00B19C1A /* PBXContainerItemProxy */;
		};
/* End PBXTargetDependency section */

/* Begin XCBuildConfiguration section */
		368F21052D8F77CA00B19C1A /* Debug */ = {
			isa = XCBuildConfiguration;
			buildSettings = {
				ALWAYS_SEARCH_USER_PATHS = NO;
				ASSETCATALOG_COMPILER_GENERATE_SWIFT_ASSET_SYMBOL_EXTENSIONS = YES;
				CLANG_ANALYZER_NONNULL = YES;
				CLANG_ANALYZER_NUMBER_OBJECT_CONVERSION = YES_AGGRESSIVE;
				CLANG_CXX_LANGUAGE_STANDARD = "gnu++20";
				CLANG_ENABLE_MODULES = YES;
				CLANG_ENABLE_OBJC_ARC = YES;
				CLANG_ENABLE_OBJC_WEAK = YES;
				CLANG_WARN_BLOCK_CAPTURE_AUTORELEASING = YES;
				CLANG_WARN_BOOL_CONVERSION = YES;
				CLANG_WARN_COMMA = YES;
				CLANG_WARN_CONSTANT_CONVERSION = YES;
				CLANG_WARN_DEPRECATED_OBJC_IMPLEMENTATIONS = YES;
				CLANG_WARN_DIRECT_OBJC_ISA_USAGE = YES_ERROR;
				CLANG_WARN_DOCUMENTATION_COMMENTS = YES;
				CLANG_WARN_EMPTY_BODY = YES;
				CLANG_WARN_ENUM_CONVERSION = YES;
				CLANG_WARN_INFINITE_RECURSION = YES;
				CLANG_WARN_INT_CONVERSION = YES;
				CLANG_WARN_NON_LITERAL_NULL_CONVERSION = YES;
				CLANG_WARN_OBJC_IMPLICIT_RETAIN_SELF = YES;
				CLANG_WARN_OBJC_LITERAL_CONVERSION = YES;
				CLANG_WARN_OBJC_ROOT_CLASS = YES_ERROR;
				CLANG_WARN_QUOTED_INCLUDE_IN_FRAMEWORK_HEADER = YES;
				CLANG_WARN_RANGE_LOOP_ANALYSIS = YES;
				CLANG_WARN_STRICT_PROTOTYPES = YES;
				CLANG_WARN_SUSPICIOUS_MOVE = YES;
				CLANG_WARN_UNGUARDED_AVAILABILITY = YES_AGGRESSIVE;
				CLANG_WARN_UNREACHABLE_CODE = YES;
				CLANG_WARN__DUPLICATE_METHOD_MATCH = YES;
				COPY_PHASE_STRIP = NO;
				DEBUG_INFORMATION_FORMAT = dwarf;
				ENABLE_STRICT_OBJC_MSGSEND = YES;
				ENABLE_TESTABILITY = YES;
				ENABLE_USER_SCRIPT_SANDBOXING = YES;
				GCC_C_LANGUAGE_STANDARD = gnu17;
				GCC_DYNAMIC_NO_PIC = NO;
				GCC_NO_COMMON_BLOCKS = YES;
				GCC_OPTIMIZATION_LEVEL = 0;
				GCC_PREPROCESSOR_DEFINITIONS = (
					"DEBUG=1",
					"$(inherited)",
				);
				GCC_WARN_64_TO_32_BIT_CONVERSION = YES;
				GCC_WARN_ABOUT_RETURN_TYPE = YES_ERROR;
				GCC_WARN_UNDECLARED_SELECTOR = YES;
				GCC_WARN_UNINITIALIZED_AUTOS = YES_AGGRESSIVE;
				GCC_WARN_UNUSED_FUNCTION = YES;
				GCC_WARN_UNUSED_VARIABLE = YES;
				IPHONEOS_DEPLOYMENT_TARGET = 18.2;
				LOCALIZATION_PREFERS_STRING_CATALOGS = YES;
				MTL_ENABLE_DEBUG_INFO = INCLUDE_SOURCE;
				MTL_FAST_MATH = YES;
				ONLY_ACTIVE_ARCH = YES;
				SDKROOT = iphoneos;
				SWIFT_ACTIVE_COMPILATION_CONDITIONS = "DEBUG $(inherited)";
				SWIFT_OPTIMIZATION_LEVEL = "-Onone";
			};
			name = Debug;
		};
		368F21062D8F77CA00B19C1A /* Release */ = {
			isa = XCBuildConfiguration;
			buildSettings = {
				ALWAYS_SEARCH_USER_PATHS = NO;
				ASSETCATALOG_COMPILER_GENERATE_SWIFT_ASSET_SYMBOL_EXTENSIONS = YES;
				CLANG_ANALYZER_NONNULL = YES;
				CLANG_ANALYZER_NUMBER_OBJECT_CONVERSION = YES_AGGRESSIVE;
				CLANG_CXX_LANGUAGE_STANDARD = "gnu++20";
				CLANG_ENABLE_MODULES = YES;
				CLANG_ENABLE_OBJC_ARC = YES;
				CLANG_ENABLE_OBJC_WEAK = YES;
				CLANG_WARN_BLOCK_CAPTURE_AUTORELEASING = YES;
				CLANG_WARN_BOOL_CONVERSION = YES;
				CLANG_WARN_COMMA = YES;
				CLANG_WARN_CONSTANT_CONVERSION = YES;
				CLANG_WARN_DEPRECATED_OBJC_IMPLEMENTATIONS = YES;
				CLANG_WARN_DIRECT_OBJC_ISA_USAGE = YES_ERROR;
				CLANG_WARN_DOCUMENTATION_COMMENTS = YES;
				CLANG_WARN_EMPTY_BODY = YES;
				CLANG_WARN_ENUM_CONVERSION = YES;
				CLANG_WARN_INFINITE_RECURSION = YES;
				CLANG_WARN_INT_CONVERSION = YES;
				CLANG_WARN_NON_LITERAL_NULL_CONVERSION = YES;
				CLANG_WARN_OBJC_IMPLICIT_RETAIN_SELF = YES;
				CLANG_WARN_OBJC_LITERAL_CONVERSION = YES;
				CLANG_WARN_OBJC_ROOT_CLASS = YES_ERROR;
				CLANG_WARN_QUOTED_INCLUDE_IN_FRAMEWORK_HEADER = YES;
				CLANG_WARN_RANGE_LOOP_ANALYSIS = YES;
				CLANG_WARN_STRICT_PROTOTYPES = YES;
				CLANG_WARN_SUSPICIOUS_MOVE = YES;
				CLANG_WARN_UNGUARDED_AVAILABILITY = YES_AGGRESSIVE;
				CLANG_WARN_UNREACHABLE_CODE = YES;
				CLANG_WARN__DUPLICATE_METHOD_MATCH = YES;
				COPY_PHASE_STRIP = NO;
				DEBUG_INFORMATION_FORMAT = "dwarf-with-dsym";
				ENABLE_NS_ASSERTIONS = NO;
				ENABLE_STRICT_OBJC_MSGSEND = YES;
				ENABLE_USER_SCRIPT_SANDBOXING = YES;
				GCC_C_LANGUAGE_STANDARD = gnu17;
				GCC_NO_COMMON_BLOCKS = YES;
				GCC_WARN_64_TO_32_BIT_CONVERSION = YES;
				GCC_WARN_ABOUT_RETURN_TYPE = YES_ERROR;
				GCC_WARN_UNDECLARED_SELECTOR = YES;
				GCC_WARN_UNINITIALIZED_AUTOS = YES_AGGRESSIVE;
				GCC_WARN_UNUSED_FUNCTION = YES;
				GCC_WARN_UNUSED_VARIABLE = YES;
				IPHONEOS_DEPLOYMENT_TARGET = 18.2;
				LOCALIZATION_PREFERS_STRING_CATALOGS = YES;
				MTL_ENABLE_DEBUG_INFO = NO;
				MTL_FAST_MATH = YES;
				SDKROOT = iphoneos;
				SWIFT_COMPILATION_MODE = wholemodule;
				VALIDATE_PRODUCT = YES;
			};
			name = Release;
		};
		368F21082D8F77CA00B19C1A /* Debug */ = {
			isa = XCBuildConfiguration;
			buildSettings = {
				ASSETCATALOG_COMPILER_APPICON_NAME = AppIcon;
				ASSETCATALOG_COMPILER_GLOBAL_ACCENT_COLOR_NAME = AccentColor;
				CODE_SIGN_STYLE = Automatic;
				CURRENT_PROJECT_VERSION = 1;
				DEVELOPMENT_ASSET_PATHS = "\"GlobalKick/Preview Content\"";
				ENABLE_PREVIEWS = YES;
				GENERATE_INFOPLIST_FILE = YES;
				INFOPLIST_KEY_UIApplicationSceneManifest_Generation = YES;
				INFOPLIST_KEY_UIApplicationSupportsIndirectInputEvents = YES;
				INFOPLIST_KEY_UILaunchScreen_Generation = YES;
				INFOPLIST_KEY_UISupportedInterfaceOrientations_iPad = "UIInterfaceOrientationPortrait UIInterfaceOrientationPortraitUpsideDown UIInterfaceOrientationLandscapeLeft UIInterfaceOrientationLandscapeRight";
				INFOPLIST_KEY_UISupportedInterfaceOrientations_iPhone = "UIInterfaceOrientationPortrait UIInterfaceOrientationLandscapeLeft UIInterfaceOrientationLandscapeRight";
				LD_RUNPATH_SEARCH_PATHS = (
					"$(inherited)",
					"@executable_path/Frameworks",
				);
				MARKETING_VERSION = 1.0;
				PRODUCT_BUNDLE_IDENTIFIER = Galbot.GlobalKick;
				PRODUCT_NAME = "$(TARGET_NAME)";
				SWIFT_EMIT_LOC_STRINGS = YES;
				SWIFT_VERSION = 5.0;
				TARGETED_DEVICE_FAMILY = "1,2";
			};
			name = Debug;
		};
		368F21092D8F77CA00B19C1A /* Release */ = {
			isa = XCBuildConfiguration;
			buildSettings = {
				ASSETCATALOG_COMPILER_APPICON_NAME = AppIcon;
				ASSETCATALOG_COMPILER_GLOBAL_ACCENT_COLOR_NAME = AccentColor;
				CODE_SIGN_STYLE = Automatic;
				CURRENT_PROJECT_VERSION = 1;
				DEVELOPMENT_ASSET_PATHS = "\"GlobalKick/Preview Content\"";
				ENABLE_PREVIEWS = YES;
				GENERATE_INFOPLIST_FILE = YES;
				INFOPLIST_KEY_UIApplicationSceneManifest_Generation = YES;
				INFOPLIST_KEY_UIApplicationSupportsIndirectInputEvents = YES;
				INFOPLIST_KEY_UILaunchScreen_Generation = YES;
				INFOPLIST_KEY_UISupportedInterfaceOrientations_iPad = "UIInterfaceOrientationPortrait UIInterfaceOrientationPortraitUpsideDown UIInterfaceOrientationLandscapeLeft UIInterfaceOrientationLandscapeRight";
				INFOPLIST_KEY_UISupportedInterfaceOrientations_iPhone = "UIInterfaceOrientationPortrait UIInterfaceOrientationLandscapeLeft UIInterfaceOrientationLandscapeRight";
				LD_RUNPATH_SEARCH_PATHS = (
					"$(inherited)",
					"@executable_path/Frameworks",
				);
				MARKETING_VERSION = 1.0;
				PRODUCT_BUNDLE_IDENTIFIER = Galbot.GlobalKick;
				PRODUCT_NAME = "$(TARGET_NAME)";
				SWIFT_EMIT_LOC_STRINGS = YES;
				SWIFT_VERSION = 5.0;
				TARGETED_DEVICE_FAMILY = "1,2";
			};
			name = Release;
		};
		368F210B2D8F77CA00B19C1A /* Debug */ = {
			isa = XCBuildConfiguration;
			buildSettings = {
				BUNDLE_LOADER = "$(TEST_HOST)";
				CODE_SIGN_STYLE = Automatic;
				CURRENT_PROJECT_VERSION = 1;
				GENERATE_INFOPLIST_FILE = YES;
				IPHONEOS_DEPLOYMENT_TARGET = 18.2;
				MARKETING_VERSION = 1.0;
				PRODUCT_BUNDLE_IDENTIFIER = Galbot.GlobalKickTests;
				PRODUCT_NAME = "$(TARGET_NAME)";
				SWIFT_EMIT_LOC_STRINGS = NO;
				SWIFT_VERSION = 5.0;
				TARGETED_DEVICE_FAMILY = "1,2";
				TEST_HOST = "$(BUILT_PRODUCTS_DIR)/GlobalKick.app/$(BUNDLE_EXECUTABLE_FOLDER_PATH)/GlobalKick";
			};
			name = Debug;
		};
		368F210C2D8F77CA00B19C1A /* Release */ = {
			isa = XCBuildConfiguration;
			buildSettings = {
				BUNDLE_LOADER = "$(TEST_HOST)";
				CODE_SIGN_STYLE = Automatic;
				CURRENT_PROJECT_VERSION = 1;
				GENERATE_INFOPLIST_FILE = YES;
				IPHONEOS_DEPLOYMENT_TARGET = 18.2;
				MARKETING_VERSION = 1.0;
				PRODUCT_BUNDLE_IDENTIFIER = Galbot.GlobalKickTests;
				PRODUCT_NAME = "$(TARGET_NAME)";
				SWIFT_EMIT_LOC_STRINGS = NO;
				SWIFT_VERSION = 5.0;
				TARGETED_DEVICE_FAMILY = "1,2";
				TEST_HOST = "$(BUILT_PRODUCTS_DIR)/GlobalKick.app/$(BUNDLE_EXECUTABLE_FOLDER_PATH)/GlobalKick";
			};
			name = Release;
		};
		368F210E2D8F77CA00B19C1A /* Debug */ = {
			isa = XCBuildConfiguration;
			buildSettings = {
				CODE_SIGN_STYLE = Automatic;
				CURRENT_PROJECT_VERSION = 1;
				GENERATE_INFOPLIST_FILE = YES;
				MARKETING_VERSION = 1.0;
				PRODUCT_BUNDLE_IDENTIFIER = Galbot.GlobalKickUITests;
				PRODUCT_NAME = "$(TARGET_NAME)";
				SWIFT_EMIT_LOC_STRINGS = NO;
				SWIFT_VERSION = 5.0;
				TARGETED_DEVICE_FAMILY = "1,2";
				TEST_TARGET_NAME = GlobalKick;
			};
			name = Debug;
		};
		368F210F2D8F77CA00B19C1A /* Release */ = {
			isa = XCBuildConfiguration;
			buildSettings = {
				CODE_SIGN_STYLE = Automatic;
				CURRENT_PROJECT_VERSION = 1;
				GENERATE_INFOPLIST_FILE = YES;
				MARKETING_VERSION = 1.0;
				PRODUCT_BUNDLE_IDENTIFIER = Galbot.GlobalKickUITests;
				PRODUCT_NAME = "$(TARGET_NAME)";
				SWIFT_EMIT_LOC_STRINGS = NO;
				SWIFT_VERSION = 5.0;
				TARGETED_DEVICE_FAMILY = "1,2";
				TEST_TARGET_NAME = GlobalKick;
			};
			name = Release;
		};
/* End XCBuildConfiguration section */

/* Begin XCConfigurationList section */
		368F20DE2D8F77C900B19C1A /* Build configuration list for PBXProject "GlobalKick" */ = {
			isa = XCConfigurationList;
			buildConfigurations = (
				368F21052D8F77CA00B19C1A /* Debug */,
				368F21062D8F77CA00B19C1A /* Release */,
			);
			defaultConfigurationIsVisible = 0;
			defaultConfigurationName = Release;
		};
		368F21072D8F77CA00B19C1A /* Build configuration list for PBXNativeTarget "GlobalKick" */ = {
			isa = XCConfigurationList;
			buildConfigurations = (
				368F21082D8F77CA00B19C1A /* Debug */,
				368F21092D8F77CA00B19C1A /* Release */,
			);
			defaultConfigurationIsVisible = 0;
			defaultConfigurationName = Release;
		};
		368F210A2D8F77CA00B19C1A /* Build configuration list for PBXNativeTarget "GlobalKickTests" */ = {
			isa = XCConfigurationList;
			buildConfigurations = (
				368F210B2D8F77CA00B19C1A /* Debug */,
				368F210C2D8F77CA00B19C1A /* Release */,
			);
			defaultConfigurationIsVisible = 0;
			defaultConfigurationName = Release;
		};
		368F210D2D8F77CA00B19C1A /* Build configuration list for PBXNativeTarget "GlobalKickUITests" */ = {
			isa = XCConfigurationList;
			buildConfigurations = (
				368F210E2D8F77CA00B19C1A /* Debug */,
				368F210F2D8F77CA00B19C1A /* Release */,
			);
			defaultConfigurationIsVisible = 0;
			defaultConfigurationName = Release;
		};
/* End XCConfigurationList section */
	};
	rootObject = 368F20DB2D8F77C900B19C1A /* Project object */;
}
